
Microsoft Visual Studio Solution File, Format Version 12.00
# Visual Studio Version 17
VisualStudioVersion = 17.7.34031.279
MinimumVisualStudioVersion = 10.0.40219.1
Project("{9A19103F-16F7-4668-BE54-9A1E7A4F7556}") = "zad1", "zad1\zad1.csproj", "{91591C85-A013-4F9C-8315-B164D33031CC}"
EndProject
Project("{9A19103F-16F7-4668-BE54-9A1E7A4F7556}") = "zad2", "zad2\zad2.csproj", "{F73849CE-D1AC-4BF9-9DAE-C930212FB4F5}"
EndProject
Project("{FAE04EC0-301F-11D3-BF4B-00C04F79EFBC}") = "zad3", "zad3\zad3.csproj", "{9F7C51F8-25A0-4B12-A4EA-3B28C16EEC2D}"
EndProject
Global
	GlobalSection(SolutionConfigurationPlatforms) = preSolution
		Debug|Any CPU = Debug|Any CPU
		Release|Any CPU = Release|Any CPU
	EndGlobalSection
	GlobalSection(ProjectConfigurationPlatforms) = postSolution
		{91591C85-A013-4F9C-8315-B164D33031CC}.Debug|Any CPU.ActiveCfg = Debug|Any CPU
		{91591C85-A013-4F9C-8315-B164D33031CC}.Debug|Any CPU.Build.0 = Debug|Any CPU
		{91591C85-A013-4F9C-8315-B164D33031CC}.Release|Any CPU.ActiveCfg = Release|Any CPU
		{91591C85-A013-4F9C-8315-B164D33031CC}.Release|Any CPU.Build.0 = Release|Any CPU
		{F73849CE-D1AC-4BF9-9DAE-C930212FB4F5}.Debug|Any CPU.ActiveCfg = Debug|Any CPU
		{F73849CE-D1AC-4BF9-9DAE-C930212FB4F5}.Debug|Any CPU.Build.0 = Debug|Any CPU
		{F73849CE-D1AC-4BF9-9DAE-C930212FB4F5}.Release|Any CPU.ActiveCfg = Release|Any CPU
		{F73849CE-D1AC-4BF9-9DAE-C930212FB4F5}.Release|Any CPU.Build.0 = Release|Any CPU
		{9F7C51F8-25A0-4B12-A4EA-3B28C16EEC2D}.Debug|Any CPU.ActiveCfg = Debug|Any CPU
		{9F7C51F8-25A0-4B12-A4EA-3B28C16EEC2D}.Debug|Any CPU.Build.0 = Debug|Any CPU
		{9F7C51F8-25A0-4B12-A4EA-3B28C16EEC2D}.Release|Any CPU.ActiveCfg = Release|Any CPU
		{9F7C51F8-25A0-4B12-A4EA-3B28C16EEC2D}.Release|Any CPU.Build.0 = Release|Any CPU
	EndGlobalSection
	GlobalSection(SolutionProperties) = preSolution
		HideSolutionNode = FALSE
	EndGlobalSection
	GlobalSection(ExtensibilityGlobals) = postSolution
		SolutionGuid = {7B983206-C5E9-4A9B-B80B-29B105CDA7BA}
	EndGlobalSection
EndGlobal
